
Microsoft Visual Studio Solution File, Format Version 12.00
# Visual Studio Version 17
VisualStudioVersion = 17.14.36518.9
MinimumVisualStudioVersion = 10.0.40219.1
Project("{FAE04EC0-301F-11D3-BF4B-00C04F79EFBC}") = "NUnit-AT-2", "NUnit-AT-2\NUnit-AT-2.csproj", "{BE925ECE-944C-99ED-9726-E2166357A9C9}"
EndProject
Project("{FAE04EC0-301F-11D3-BF4B-00C04F79EFBC}") = "xUnit-AT-2", "xUnit-AT-2\xUnit-AT-2.csproj", "{116B1A95-60D6-D582-7B43-108113F2A48F}"
EndProject
Project("{FAE04EC0-301F-11D3-BF4B-00C04F79EFBC}") = "AT-Work1", "AT-1\AT-Work1.csproj", "{4AAF506F-A1F7-73C4-278E-829BFB1AB2DE}"
EndProject
Project("{FAE04EC0-301F-11D3-BF4B-00C04F79EFBC}") = "AT-Work3", "AT-Work3\AT-Work3.csproj", "{3116852B-67EF-4483-B104-4593F56835AF}"
EndProject
Project("{FAE04EC0-301F-11D3-BF4B-00C04F79EFBC}") = "AT-Work4", "AT-Work4\AT-Work4.csproj", "{A9F4CEC5-F9CA-4715-9293-AB0BCD136CED}"
EndProject
Project("{FAE04EC0-301F-11D3-BF4B-00C04F79EFBC}") = "AT-Work5", "AT-Work5\AT-Work5.csproj", "{5E5957AA-B2B3-4F99-BA03-4CCD126605CC}"
EndProject
Project("{FAE04EC0-301F-11D3-BF4B-00C04F79EFBC}") = "AT-Work6", "AT-Work6\AT-Work6.csproj", "{E43180AC-9921-455F-A6F3-041A1D371E81}"
EndProject
Global
	GlobalSection(SolutionConfigurationPlatforms) = preSolution
		Debug|Any CPU = Debug|Any CPU
		Release|Any CPU = Release|Any CPU
	EndGlobalSection
	GlobalSection(ProjectConfigurationPlatforms) = postSolution
		{BE925ECE-944C-99ED-9726-E2166357A9C9}.Debug|Any CPU.ActiveCfg = Debug|Any CPU
		{BE925ECE-944C-99ED-9726-E2166357A9C9}.Debug|Any CPU.Build.0 = Debug|Any CPU
		{BE925ECE-944C-99ED-9726-E2166357A9C9}.Release|Any CPU.ActiveCfg = Release|Any CPU
		{BE925ECE-944C-99ED-9726-E2166357A9C9}.Release|Any CPU.Build.0 = Release|Any CPU
		{116B1A95-60D6-D582-7B43-108113F2A48F}.Debug|Any CPU.ActiveCfg = Debug|Any CPU
		{116B1A95-60D6-D582-7B43-108113F2A48F}.Debug|Any CPU.Build.0 = Debug|Any CPU
		{116B1A95-60D6-D582-7B43-108113F2A48F}.Release|Any CPU.ActiveCfg = Release|Any CPU
		{116B1A95-60D6-D582-7B43-108113F2A48F}.Release|Any CPU.Build.0 = Release|Any CPU
		{4AAF506F-A1F7-73C4-278E-829BFB1AB2DE}.Debug|Any CPU.ActiveCfg = Debug|Any CPU
		{4AAF506F-A1F7-73C4-278E-829BFB1AB2DE}.Debug|Any CPU.Build.0 = Debug|Any CPU
		{4AAF506F-A1F7-73C4-278E-829BFB1AB2DE}.Release|Any CPU.ActiveCfg = Release|Any CPU
		{4AAF506F-A1F7-73C4-278E-829BFB1AB2DE}.Release|Any CPU.Build.0 = Release|Any CPU
		{3116852B-67EF-4483-B104-4593F56835AF}.Debug|Any CPU.ActiveCfg = Debug|Any CPU
		{3116852B-67EF-4483-B104-4593F56835AF}.Debug|Any CPU.Build.0 = Debug|Any CPU
		{3116852B-67EF-4483-B104-4593F56835AF}.Release|Any CPU.ActiveCfg = Release|Any CPU
		{3116852B-67EF-4483-B104-4593F56835AF}.Release|Any CPU.Build.0 = Release|Any CPU
		{A9F4CEC5-F9CA-4715-9293-AB0BCD136CED}.Debug|Any CPU.ActiveCfg = Debug|Any CPU
		{A9F4CEC5-F9CA-4715-9293-AB0BCD136CED}.Debug|Any CPU.Build.0 = Debug|Any CPU
		{A9F4CEC5-F9CA-4715-9293-AB0BCD136CED}.Release|Any CPU.ActiveCfg = Release|Any CPU
		{A9F4CEC5-F9CA-4715-9293-AB0BCD136CED}.Release|Any CPU.Build.0 = Release|Any CPU
		{5E5957AA-B2B3-4F99-BA03-4CCD126605CC}.Debug|Any CPU.ActiveCfg = Debug|Any CPU
		{5E5957AA-B2B3-4F99-BA03-4CCD126605CC}.Debug|Any CPU.Build.0 = Debug|Any CPU
		{5E5957AA-B2B3-4F99-BA03-4CCD126605CC}.Release|Any CPU.ActiveCfg = Release|Any CPU
		{5E5957AA-B2B3-4F99-BA03-4CCD126605CC}.Release|Any CPU.Build.0 = Release|Any CPU
		{E43180AC-9921-455F-A6F3-041A1D371E81}.Debug|Any CPU.ActiveCfg = Debug|Any CPU
		{E43180AC-9921-455F-A6F3-041A1D371E81}.Debug|Any CPU.Build.0 = Debug|Any CPU
		{E43180AC-9921-455F-A6F3-041A1D371E81}.Release|Any CPU.ActiveCfg = Release|Any CPU
		{E43180AC-9921-455F-A6F3-041A1D371E81}.Release|Any CPU.Build.0 = Release|Any CPU
	EndGlobalSection
	GlobalSection(SolutionProperties) = preSolution
		HideSolutionNode = FALSE
	EndGlobalSection
	GlobalSection(ExtensibilityGlobals) = postSolution
		SolutionGuid = {21C495E9-E004-4E14-A79D-B40CDEBDB499}
	EndGlobalSection
EndGlobal
